
Microsoft Visual Studio Solution File, Format Version 12.00
# Visual Studio 15
VisualStudioVersion = 15.0.26124.0
MinimumVisualStudioVersion = 15.0.26124.0
Project("{FAE04EC0-301F-11D3-BF4B-00C04F79EFBC}") = "SharpGraph", "SharpGraph\SharpGraph.csproj", "{08C25C94-D248-4E75-AA3D-FDECEB719073}"
EndProject
Project("{FAE04EC0-301F-11D3-BF4B-00C04F79EFBC}") = "SharpGraph.Tests", "SharpGraph.Tests\SharpGraph.Tests.csproj", "{DE8B693E-9364-4708-B2EF-D9DA2172A674}"
EndProject
Project("{F2A71F9B-5D33-465A-A702-920D77279786}") = "SharpGraph.Builder", "SharpGraph.Builder\SharpGraph.Builder.fsproj", "{549207EE-F1F7-4E76-8996-CBBDE8FD76E0}"
EndProject
Project("{F2A71F9B-5D33-465A-A702-920D77279786}") = "SharpGraph.Builder.Test", "SharpGraph.Builder.Test\SharpGraph.Builder.Test.fsproj", "{E719B05B-A97A-4D7D-9BBC-3A190FF01893}"
EndProject
Global
	GlobalSection(SolutionConfigurationPlatforms) = preSolution
		Debug|Any CPU = Debug|Any CPU
		Debug|x64 = Debug|x64
		Debug|x86 = Debug|x86
		Release|Any CPU = Release|Any CPU
		Release|x64 = Release|x64
		Release|x86 = Release|x86
	EndGlobalSection
	GlobalSection(SolutionProperties) = preSolution
		HideSolutionNode = FALSE
	EndGlobalSection
	GlobalSection(ProjectConfigurationPlatforms) = postSolution
		{08C25C94-D248-4E75-AA3D-FDECEB719073}.Debug|Any CPU.ActiveCfg = Debug|Any CPU
		{08C25C94-D248-4E75-AA3D-FDECEB719073}.Debug|Any CPU.Build.0 = Debug|Any CPU
		{08C25C94-D248-4E75-AA3D-FDECEB719073}.Debug|x64.ActiveCfg = Debug|Any CPU
		{08C25C94-D248-4E75-AA3D-FDECEB719073}.Debug|x64.Build.0 = Debug|Any CPU
		{08C25C94-D248-4E75-AA3D-FDECEB719073}.Debug|x86.ActiveCfg = Debug|Any CPU
		{08C25C94-D248-4E75-AA3D-FDECEB719073}.Debug|x86.Build.0 = Debug|Any CPU
		{08C25C94-D248-4E75-AA3D-FDECEB719073}.Release|Any CPU.ActiveCfg = Release|Any CPU
		{08C25C94-D248-4E75-AA3D-FDECEB719073}.Release|Any CPU.Build.0 = Release|Any CPU
		{08C25C94-D248-4E75-AA3D-FDECEB719073}.Release|x64.ActiveCfg = Release|Any CPU
		{08C25C94-D248-4E75-AA3D-FDECEB719073}.Release|x64.Build.0 = Release|Any CPU
		{08C25C94-D248-4E75-AA3D-FDECEB719073}.Release|x86.ActiveCfg = Release|Any CPU
		{08C25C94-D248-4E75-AA3D-FDECEB719073}.Release|x86.Build.0 = Release|Any CPU
		{DE8B693E-9364-4708-B2EF-D9DA2172A674}.Debug|Any CPU.ActiveCfg = Debug|Any CPU
		{DE8B693E-9364-4708-B2EF-D9DA2172A674}.Debug|Any CPU.Build.0 = Debug|Any CPU
		{DE8B693E-9364-4708-B2EF-D9DA2172A674}.Debug|x64.ActiveCfg = Debug|Any CPU
		{DE8B693E-9364-4708-B2EF-D9DA2172A674}.Debug|x64.Build.0 = Debug|Any CPU
		{DE8B693E-9364-4708-B2EF-D9DA2172A674}.Debug|x86.ActiveCfg = Debug|Any CPU
		{DE8B693E-9364-4708-B2EF-D9DA2172A674}.Debug|x86.Build.0 = Debug|Any CPU
		{DE8B693E-9364-4708-B2EF-D9DA2172A674}.Release|Any CPU.ActiveCfg = Release|Any CPU
		{DE8B693E-9364-4708-B2EF-D9DA2172A674}.Release|Any CPU.Build.0 = Release|Any CPU
		{DE8B693E-9364-4708-B2EF-D9DA2172A674}.Release|x64.ActiveCfg = Release|Any CPU
		{DE8B693E-9364-4708-B2EF-D9DA2172A674}.Release|x64.Build.0 = Release|Any CPU
		{DE8B693E-9364-4708-B2EF-D9DA2172A674}.Release|x86.ActiveCfg = Release|Any CPU
		{DE8B693E-9364-4708-B2EF-D9DA2172A674}.Release|x86.Build.0 = Release|Any CPU
		{34B5A4DA-C27E-4B50-9B5B-5874A58C8226}.Debug|Any CPU.ActiveCfg = Debug|Any CPU
		{34B5A4DA-C27E-4B50-9B5B-5874A58C8226}.Debug|Any CPU.Build.0 = Debug|Any CPU
		{34B5A4DA-C27E-4B50-9B5B-5874A58C8226}.Debug|x64.ActiveCfg = Debug|Any CPU
		{34B5A4DA-C27E-4B50-9B5B-5874A58C8226}.Debug|x64.Build.0 = Debug|Any CPU
		{34B5A4DA-C27E-4B50-9B5B-5874A58C8226}.Debug|x86.ActiveCfg = Debug|Any CPU
		{34B5A4DA-C27E-4B50-9B5B-5874A58C8226}.Debug|x86.Build.0 = Debug|Any CPU
		{34B5A4DA-C27E-4B50-9B5B-5874A58C8226}.Release|Any CPU.ActiveCfg = Release|Any CPU
		{34B5A4DA-C27E-4B50-9B5B-5874A58C8226}.Release|Any CPU.Build.0 = Release|Any CPU
		{34B5A4DA-C27E-4B50-9B5B-5874A58C8226}.Release|x64.ActiveCfg = Release|Any CPU
		{34B5A4DA-C27E-4B50-9B5B-5874A58C8226}.Release|x64.Build.0 = Release|Any CPU
		{34B5A4DA-C27E-4B50-9B5B-5874A58C8226}.Release|x86.ActiveCfg = Release|Any CPU
		{34B5A4DA-C27E-4B50-9B5B-5874A58C8226}.Release|x86.Build.0 = Release|Any CPU
		{378E99D9-F9F1-4E33-B645-30BDD4CAF272}.Debug|Any CPU.ActiveCfg = Debug|Any CPU
		{378E99D9-F9F1-4E33-B645-30BDD4CAF272}.Debug|Any CPU.Build.0 = Debug|Any CPU
		{378E99D9-F9F1-4E33-B645-30BDD4CAF272}.Debug|x64.ActiveCfg = Debug|Any CPU
		{378E99D9-F9F1-4E33-B645-30BDD4CAF272}.Debug|x64.Build.0 = Debug|Any CPU
		{378E99D9-F9F1-4E33-B645-30BDD4CAF272}.Debug|x86.ActiveCfg = Debug|Any CPU
		{378E99D9-F9F1-4E33-B645-30BDD4CAF272}.Debug|x86.Build.0 = Debug|Any CPU
		{378E99D9-F9F1-4E33-B645-30BDD4CAF272}.Release|Any CPU.ActiveCfg = Release|Any CPU
		{378E99D9-F9F1-4E33-B645-30BDD4CAF272}.Release|Any CPU.Build.0 = Release|Any CPU
		{378E99D9-F9F1-4E33-B645-30BDD4CAF272}.Release|x64.ActiveCfg = Release|Any CPU
		{378E99D9-F9F1-4E33-B645-30BDD4CAF272}.Release|x64.Build.0 = Release|Any CPU
		{378E99D9-F9F1-4E33-B645-30BDD4CAF272}.Release|x86.ActiveCfg = Release|Any CPU
		{378E99D9-F9F1-4E33-B645-30BDD4CAF272}.Release|x86.Build.0 = Release|Any CPU
		{549207EE-F1F7-4E76-8996-CBBDE8FD76E0}.Debug|Any CPU.ActiveCfg = Debug|Any CPU
		{549207EE-F1F7-4E76-8996-CBBDE8FD76E0}.Debug|Any CPU.Build.0 = Debug|Any CPU
		{549207EE-F1F7-4E76-8996-CBBDE8FD76E0}.Debug|x64.ActiveCfg = Debug|Any CPU
		{549207EE-F1F7-4E76-8996-CBBDE8FD76E0}.Debug|x64.Build.0 = Debug|Any CPU
		{549207EE-F1F7-4E76-8996-CBBDE8FD76E0}.Debug|x86.ActiveCfg = Debug|Any CPU
		{549207EE-F1F7-4E76-8996-CBBDE8FD76E0}.Debug|x86.Build.0 = Debug|Any CPU
		{549207EE-F1F7-4E76-8996-CBBDE8FD76E0}.Release|Any CPU.ActiveCfg = Release|Any CPU
		{549207EE-F1F7-4E76-8996-CBBDE8FD76E0}.Release|Any CPU.Build.0 = Release|Any CPU
		{549207EE-F1F7-4E76-8996-CBBDE8FD76E0}.Release|x64.ActiveCfg = Release|Any CPU
		{549207EE-F1F7-4E76-8996-CBBDE8FD76E0}.Release|x64.Build.0 = Release|Any CPU
		{549207EE-F1F7-4E76-8996-CBBDE8FD76E0}.Release|x86.ActiveCfg = Release|Any CPU
		{549207EE-F1F7-4E76-8996-CBBDE8FD76E0}.Release|x86.Build.0 = Release|Any CPU
		{E719B05B-A97A-4D7D-9BBC-3A190FF01893}.Debug|Any CPU.ActiveCfg = Debug|Any CPU
		{E719B05B-A97A-4D7D-9BBC-3A190FF01893}.Debug|Any CPU.Build.0 = Debug|Any CPU
		{E719B05B-A97A-4D7D-9BBC-3A190FF01893}.Debug|x64.ActiveCfg = Debug|Any CPU
		{E719B05B-A97A-4D7D-9BBC-3A190FF01893}.Debug|x64.Build.0 = Debug|Any CPU
		{E719B05B-A97A-4D7D-9BBC-3A190FF01893}.Debug|x86.ActiveCfg = Debug|Any CPU
		{E719B05B-A97A-4D7D-9BBC-3A190FF01893}.Debug|x86.Build.0 = Debug|Any CPU
		{E719B05B-A97A-4D7D-9BBC-3A190FF01893}.Release|Any CPU.ActiveCfg = Release|Any CPU
		{E719B05B-A97A-4D7D-9BBC-3A190FF01893}.Release|Any CPU.Build.0 = Release|Any CPU
		{E719B05B-A97A-4D7D-9BBC-3A190FF01893}.Release|x64.ActiveCfg = Release|Any CPU
		{E719B05B-A97A-4D7D-9BBC-3A190FF01893}.Release|x64.Build.0 = Release|Any CPU
		{E719B05B-A97A-4D7D-9BBC-3A190FF01893}.Release|x86.ActiveCfg = Release|Any CPU
		{E719B05B-A97A-4D7D-9BBC-3A190FF01893}.Release|x86.Build.0 = Release|Any CPU
	EndGlobalSection
EndGlobal
